
Microsoft Visual Studio Solution File, Format Version 12.00
# Visual Studio 15
VisualStudioVersion = 15.0.27703.2000
MinimumVisualStudioVersion = 10.0.40219.1
Project("{FAE04EC0-301F-11D3-BF4B-00C04F79EFBC}") = "PenjualanCAT", "PenjualanCAT\PenjualanCAT.csproj", "{03497BED-E38B-4B21-80C7-CB2F1B563D77}"
EndProject
Project("{FAE04EC0-301F-11D3-BF4B-00C04F79EFBC}") = "LibraryPenjualan", "LibraryPenjualan\LibraryPenjualan.csproj", "{8EED1F23-2AA8-499D-B2D7-F913D64F838F}"
EndProject
Project("{FAE04EC0-301F-11D3-BF4B-00C04F79EFBC}") = "Conn", "Conn\Conn.csproj", "{47E76554-4DF3-469B-AF59-57AA95A47699}"
EndProject
Global
	GlobalSection(SolutionConfigurationPlatforms) = preSolution
		Debug|Any CPU = Debug|Any CPU
		Release|Any CPU = Release|Any CPU
	EndGlobalSection
	GlobalSection(ProjectConfigurationPlatforms) = postSolution
		{03497BED-E38B-4B21-80C7-CB2F1B563D77}.Debug|Any CPU.ActiveCfg = Debug|Any CPU
		{03497BED-E38B-4B21-80C7-CB2F1B563D77}.Debug|Any CPU.Build.0 = Debug|Any CPU
		{03497BED-E38B-4B21-80C7-CB2F1B563D77}.Release|Any CPU.ActiveCfg = Release|Any CPU
		{03497BED-E38B-4B21-80C7-CB2F1B563D77}.Release|Any CPU.Build.0 = Release|Any CPU
		{8EED1F23-2AA8-499D-B2D7-F913D64F838F}.Debug|Any CPU.ActiveCfg = Debug|Any CPU
		{8EED1F23-2AA8-499D-B2D7-F913D64F838F}.Debug|Any CPU.Build.0 = Debug|Any CPU
		{8EED1F23-2AA8-499D-B2D7-F913D64F838F}.Release|Any CPU.ActiveCfg = Release|Any CPU
		{8EED1F23-2AA8-499D-B2D7-F913D64F838F}.Release|Any CPU.Build.0 = Release|Any CPU
		{47E76554-4DF3-469B-AF59-57AA95A47699}.Debug|Any CPU.ActiveCfg = Debug|Any CPU
		{47E76554-4DF3-469B-AF59-57AA95A47699}.Debug|Any CPU.Build.0 = Debug|Any CPU
		{47E76554-4DF3-469B-AF59-57AA95A47699}.Release|Any CPU.ActiveCfg = Release|Any CPU
		{47E76554-4DF3-469B-AF59-57AA95A47699}.Release|Any CPU.Build.0 = Release|Any CPU
	EndGlobalSection
	GlobalSection(SolutionProperties) = preSolution
		HideSolutionNode = FALSE
	EndGlobalSection
	GlobalSection(ExtensibilityGlobals) = postSolution
		SolutionGuid = {8BF40C0F-5FA8-4D88-8182-0E7C5798040D}
	EndGlobalSection
EndGlobal
