
Microsoft Visual Studio Solution File, Format Version 12.00
# Visual Studio 15
VisualStudioVersion = 15.0.27703.2000
MinimumVisualStudioVersion = 10.0.40219.1
Project("{FAE04EC0-301F-11D3-BF4B-00C04F79EFBC}") = "TokoCat", "TokoCat\TokoCat.csproj", "{86ED95E4-A98B-4A14-B1DE-68683F0C9320}"
EndProject
Project("{2150E333-8FDC-42A3-9474-1A3956D46DE8}") = "Solution Items", "Solution Items", "{450FEB20-570A-4750-9945-4370D201854C}"
	ProjectSection(SolutionItems) = preProject
		TokoCat\LibraryPenjualan\LibraryPenjualan.csproj = TokoCat\LibraryPenjualan\LibraryPenjualan.csproj
	EndProjectSection
EndProject
Project("{FAE04EC0-301F-11D3-BF4B-00C04F79EFBC}") = "LibraryPenjualan", "TokoCat\LibraryPenjualan\LibraryPenjualan.csproj", "{8EED1F23-2AA8-499D-B2D7-F913D64F838F}"
EndProject
Project("{FAE04EC0-301F-11D3-BF4B-00C04F79EFBC}") = "Conn", "TokoCat\Conn\Conn.csproj", "{47E76554-4DF3-469B-AF59-57AA95A47699}"
EndProject
Global
	GlobalSection(SolutionConfigurationPlatforms) = preSolution
		Debug|Any CPU = Debug|Any CPU
		Release|Any CPU = Release|Any CPU
	EndGlobalSection
	GlobalSection(ProjectConfigurationPlatforms) = postSolution
		{86ED95E4-A98B-4A14-B1DE-68683F0C9320}.Debug|Any CPU.ActiveCfg = Debug|Any CPU
		{86ED95E4-A98B-4A14-B1DE-68683F0C9320}.Debug|Any CPU.Build.0 = Debug|Any CPU
		{86ED95E4-A98B-4A14-B1DE-68683F0C9320}.Release|Any CPU.ActiveCfg = Release|Any CPU
		{86ED95E4-A98B-4A14-B1DE-68683F0C9320}.Release|Any CPU.Build.0 = Release|Any CPU
		{8EED1F23-2AA8-499D-B2D7-F913D64F838F}.Debug|Any CPU.ActiveCfg = Debug|Any CPU
		{8EED1F23-2AA8-499D-B2D7-F913D64F838F}.Debug|Any CPU.Build.0 = Debug|Any CPU
		{8EED1F23-2AA8-499D-B2D7-F913D64F838F}.Release|Any CPU.ActiveCfg = Release|Any CPU
		{8EED1F23-2AA8-499D-B2D7-F913D64F838F}.Release|Any CPU.Build.0 = Release|Any CPU
		{47E76554-4DF3-469B-AF59-57AA95A47699}.Debug|Any CPU.ActiveCfg = Debug|Any CPU
		{47E76554-4DF3-469B-AF59-57AA95A47699}.Debug|Any CPU.Build.0 = Debug|Any CPU
		{47E76554-4DF3-469B-AF59-57AA95A47699}.Release|Any CPU.ActiveCfg = Release|Any CPU
		{47E76554-4DF3-469B-AF59-57AA95A47699}.Release|Any CPU.Build.0 = Release|Any CPU
	EndGlobalSection
	GlobalSection(SolutionProperties) = preSolution
		HideSolutionNode = FALSE
	EndGlobalSection
	GlobalSection(ExtensibilityGlobals) = postSolution
		SolutionGuid = {8AD827FC-3DCD-45B4-A16A-0A3037445B79}
	EndGlobalSection
EndGlobal
